
Microsoft Visual Studio Solution File, Format Version 12.00
# Visual Studio Version 16
VisualStudioVersion = 16.0.29613.14
MinimumVisualStudioVersion = 10.0.40219.1
Project("{9A19103F-16F7-4668-BE54-9A1E7A4F7556}") = "OidcDemo", "OidcDemo\OidcDemo.csproj", "{B8B488DC-29F4-4639-B160-1030EBF0FF52}"
EndProject
Project("{FAE04EC0-301F-11D3-BF4B-00C04F79EFBC}") = "OidcDemo2", "OidcDemo2\OidcDemo2.csproj", "{4B2E3DBD-5092-4AC0-8BFC-8A20ACBD1F2D}"
EndProject
Global
	GlobalSection(SolutionConfigurationPlatforms) = preSolution
		Debug|Any CPU = Debug|Any CPU
		Release|Any CPU = Release|Any CPU
	EndGlobalSection
	GlobalSection(ProjectConfigurationPlatforms) = postSolution
		{B8B488DC-29F4-4639-B160-1030EBF0FF52}.Debug|Any CPU.ActiveCfg = Debug|Any CPU
		{B8B488DC-29F4-4639-B160-1030EBF0FF52}.Debug|Any CPU.Build.0 = Debug|Any CPU
		{B8B488DC-29F4-4639-B160-1030EBF0FF52}.Release|Any CPU.ActiveCfg = Release|Any CPU
		{B8B488DC-29F4-4639-B160-1030EBF0FF52}.Release|Any CPU.Build.0 = Release|Any CPU
		{4B2E3DBD-5092-4AC0-8BFC-8A20ACBD1F2D}.Debug|Any CPU.ActiveCfg = Debug|Any CPU
		{4B2E3DBD-5092-4AC0-8BFC-8A20ACBD1F2D}.Debug|Any CPU.Build.0 = Debug|Any CPU
		{4B2E3DBD-5092-4AC0-8BFC-8A20ACBD1F2D}.Release|Any CPU.ActiveCfg = Release|Any CPU
		{4B2E3DBD-5092-4AC0-8BFC-8A20ACBD1F2D}.Release|Any CPU.Build.0 = Release|Any CPU
	EndGlobalSection
	GlobalSection(SolutionProperties) = preSolution
		HideSolutionNode = FALSE
	EndGlobalSection
	GlobalSection(ExtensibilityGlobals) = postSolution
		SolutionGuid = {CA636980-9BF8-4447-9156-AB18CA468B38}
	EndGlobalSection
EndGlobal
